// !$*UTF8*$!
{
	archiveVersion = 1;
	classes = {
	};
	objectVersion = 56;
	objects = {

/* Begin PBXBuildFile section */
		8B82370629F86FEF0018CDDF /* howtouseApp.swift in Sources */ = {isa = PBXBuildFile; fileRef = 8B82370529F86FEF0018CDDF /* howtouseApp.swift */; };
		8B82370829F86FEF0018CDDF /* ContentView.swift in Sources */ = {isa = PBXBuildFile; fileRef = 8B82370729F86FEF0018CDDF /* ContentView.swift */; };
		8B82370A29F86FF00018CDDF /* Assets.xcassets in Resources */ = {isa = PBXBuildFile; fileRef = 8B82370929F86FF00018CDDF /* Assets.xcassets */; };
		8B82370D29F86FF00018CDDF /* Preview Assets.xcassets in Resources */ = {isa = PBXBuildFile; fileRef = 8B82370C29F86FF00018CDDF /* Preview Assets.xcassets */; };
		8B82371729F86FF10018CDDF /* howtouseTests.swift in Sources */ = {isa = PBXBuildFile; fileRef = 8B82371629F86FF10018CDDF /* howtouseTests.swift */; };
		8B82372129F86FF10018CDDF /* howtouseUITests.swift in Sources */ = {isa = PBXBuildFile; fileRef = 8B82372029F86FF10018CDDF /* howtouseUITests.swift */; };
		8B82372329F86FF10018CDDF /* howtouseUITestsLaunchTests.swift in Sources */ = {isa = PBXBuildFile; fileRef = 8B82372229F86FF10018CDDF /* howtouseUITestsLaunchTests.swift */; };
		8B82373029F8782E0018CDDF /* ByeView.swift in Sources */ = {isa = PBXBuildFile; fileRef = 8B82372F29F8782E0018CDDF /* ByeView.swift */; };
/* End PBXBuildFile section */

/* Begin PBXContainerItemProxy section */
		8B82371329F86FF10018CDDF /* PBXContainerItemProxy */ = {
			isa = PBXContainerItemProxy;
			containerPortal = 8B8236FA29F86FEF0018CDDF /* Project object */;
			proxyType = 1;
			remoteGlobalIDString = 8B82370129F86FEF0018CDDF;
			remoteInfo = howtouse;
		};
		8B82371D29F86FF10018CDDF /* PBXContainerItemProxy */ = {
			isa = PBXContainerItemProxy;
			containerPortal = 8B8236FA29F86FEF0018CDDF /* Project object */;
			proxyType = 1;
			remoteGlobalIDString = 8B82370129F86FEF0018CDDF;
			remoteInfo = howtouse;
		};
/* End PBXContainerItemProxy section */

/* Begin PBXFileReference section */
		8B82370229F86FEF0018CDDF /* howtouse.app */ = {isa = PBXFileReference; explicitFileType = wrapper.application; includeInIndex = 0; path = howtouse.app; sourceTree = BUILT_PRODUCTS_DIR; };
		8B82370529F86FEF0018CDDF /* howtouseApp.swift */ = {isa = PBXFileReference; lastKnownFileType = sourcecode.swift; path = howtouseApp.swift; sourceTree = "<group>"; };
		8B82370729F86FEF0018CDDF /* ContentView.swift */ = {isa = PBXFileReference; lastKnownFileType = sourcecode.swift; path = ContentView.swift; sourceTree = "<group>"; };
		8B82370929F86FF00018CDDF /* Assets.xcassets */ = {isa = PBXFileReference; lastKnownFileType = folder.assetcatalog; path = Assets.xcassets; sourceTree = "<group>"; };
		8B82370C29F86FF00018CDDF /* Preview Assets.xcassets */ = {isa = PBXFileReference; lastKnownFileType = folder.assetcatalog; path = "Preview Assets.xcassets"; sourceTree = "<group>"; };
		8B82371229F86FF10018CDDF /* howtouseTests.xctest */ = {isa = PBXFileReference; explicitFileType = wrapper.cfbundle; includeInIndex = 0; path = howtouseTests.xctest; sourceTree = BUILT_PRODUCTS_DIR; };
		8B82371629F86FF10018CDDF /* howtouseTests.swift */ = {isa = PBXFileReference; lastKnownFileType = sourcecode.swift; path = howtouseTests.swift; sourceTree = "<group>"; };
		8B82371C29F86FF10018CDDF /* howtouseUITests.xctest */ = {isa = PBXFileReference; explicitFileType = wrapper.cfbundle; includeInIndex = 0; path = howtouseUITests.xctest; sourceTree = BUILT_PRODUCTS_DIR; };
		8B82372029F86FF10018CDDF /* howtouseUITests.swift */ = {isa = PBXFileReference; lastKnownFileType = sourcecode.swift; path = howtouseUITests.swift; sourceTree = "<group>"; };
		8B82372229F86FF10018CDDF /* howtouseUITestsLaunchTests.swift */ = {isa = PBXFileReference; lastKnownFileType = sourcecode.swift; path = howtouseUITestsLaunchTests.swift; sourceTree = "<group>"; };
		8B82372F29F8782E0018CDDF /* ByeView.swift */ = {isa = PBXFileReference; lastKnownFileType = sourcecode.swift; path = ByeView.swift; sourceTree = "<group>"; };
/* End PBXFileReference section */

/* Begin PBXFrameworksBuildPhase section */
		8B8236FF29F86FEF0018CDDF /* Frameworks */ = {
			isa = PBXFrameworksBuildPhase;
			buildActionMask = 2147483647;
			files = (
			);
			runOnlyForDeploymentPostprocessing = 0;
		};
		8B82370F29F86FF10018CDDF /* Frameworks */ = {
			isa = PBXFrameworksBuildPhase;
			buildActionMask = 2147483647;
			files = (
			);
			runOnlyForDeploymentPostprocessing = 0;
		};
		8B82371929F86FF10018CDDF /* Frameworks */ = {
			isa = PBXFrameworksBuildPhase;
			buildActionMask = 2147483647;
			files = (
			);
			runOnlyForDeploymentPostprocessing = 0;
		};
/* End PBXFrameworksBuildPhase section */

/* Begin PBXGroup section */
		8B8236F929F86FEF0018CDDF = {
			isa = PBXGroup;
			children = (
				8B82370429F86FEF0018CDDF /* howtouse */,
				8B82371529F86FF10018CDDF /* howtouseTests */,
				8B82371F29F86FF10018CDDF /* howtouseUITests */,
				8B82370329F86FEF0018CDDF /* Products */,
			);
			sourceTree = "<group>";
		};
		8B82370329F86FEF0018CDDF /* Products */ = {
			isa = PBXGroup;
			children = (
				8B82370229F86FEF0018CDDF /* howtouse.app */,
				8B82371229F86FF10018CDDF /* howtouseTests.xctest */,
				8B82371C29F86FF10018CDDF /* howtouseUITests.xctest */,
			);
			name = Products;
			sourceTree = "<group>";
		};
		8B82370429F86FEF0018CDDF /* howtouse */ = {
			isa = PBXGroup;
			children = (
				8B82370529F86FEF0018CDDF /* howtouseApp.swift */,
				8B82370729F86FEF0018CDDF /* ContentView.swift */,
				8B82372F29F8782E0018CDDF /* ByeView.swift */,
				8B82370929F86FF00018CDDF /* Assets.xcassets */,
				8B82370B29F86FF00018CDDF /* Preview Content */,
			);
			path = howtouse;
			sourceTree = "<group>";
		};
		8B82370B29F86FF00018CDDF /* Preview Content */ = {
			isa = PBXGroup;
			children = (
				8B82370C29F86FF00018CDDF /* Preview Assets.xcassets */,
			);
			path = "Preview Content";
			sourceTree = "<group>";
		};
		8B82371529F86FF10018CDDF /* howtouseTests */ = {
			isa = PBXGroup;
			children = (
				8B82371629F86FF10018CDDF /* howtouseTests.swift */,
			);
			path = howtouseTests;
			sourceTree = "<group>";
		};
		8B82371F29F86FF10018CDDF /* howtouseUITests */ = {
			isa = PBXGroup;
			children = (
				8B82372029F86FF10018CDDF /* howtouseUITests.swift */,
				8B82372229F86FF10018CDDF /* howtouseUITestsLaunchTests.swift */,
			);
			path = howtouseUITests;
			sourceTree = "<group>";
		};
/* End PBXGroup section */

/* Begin PBXNativeTarget section */
		8B82370129F86FEF0018CDDF /* howtouse */ = {
			isa = PBXNativeTarget;
			buildConfigurationList = 8B82372629F86FF10018CDDF /* Build configuration list for PBXNativeTarget "howtouse" */;
			buildPhases = (
				8B8236FE29F86FEF0018CDDF /* Sources */,
				8B8236FF29F86FEF0018CDDF /* Frameworks */,
				8B82370029F86FEF0018CDDF /* Resources */,
			);
			buildRules = (
			);
			dependencies = (
			);
			name = howtouse;
			productName = howtouse;
			productReference = 8B82370229F86FEF0018CDDF /* howtouse.app */;
			productType = "com.apple.product-type.application";
		};
		8B82371129F86FF10018CDDF /* howtouseTests */ = {
			isa = PBXNativeTarget;
			buildConfigurationList = 8B82372929F86FF10018CDDF /* Build configuration list for PBXNativeTarget "howtouseTests" */;
			buildPhases = (
				8B82370E29F86FF10018CDDF /* Sources */,
				8B82370F29F86FF10018CDDF /* Frameworks */,
				8B82371029F86FF10018CDDF /* Resources */,
			);
			buildRules = (
			);
			dependencies = (
				8B82371429F86FF10018CDDF /* PBXTargetDependency */,
			);
			name = howtouseTests;
			productName = howtouseTests;
			productReference = 8B82371229F86FF10018CDDF /* howtouseTests.xctest */;
			productType = "com.apple.product-type.bundle.unit-test";
		};
		8B82371B29F86FF10018CDDF /* howtouseUITests */ = {
			isa = PBXNativeTarget;
			buildConfigurationList = 8B82372C29F86FF10018CDDF /* Build configuration list for PBXNativeTarget "howtouseUITests" */;
			buildPhases = (
				8B82371829F86FF10018CDDF /* Sources */,
				8B82371929F86FF10018CDDF /* Frameworks */,
				8B82371A29F86FF10018CDDF /* Resources */,
			);
			buildRules = (
			);
			dependencies = (
				8B82371E29F86FF10018CDDF /* PBXTargetDependency */,
			);
			name = howtouseUITests;
			productName = howtouseUITests;
			productReference = 8B82371C29F86FF10018CDDF /* howtouseUITests.xctest */;
			productType = "com.apple.product-type.bundle.ui-testing";
		};
/* End PBXNativeTarget section */

/* Begin PBXProject section */
		8B8236FA29F86FEF0018CDDF /* Project object */ = {
			isa = PBXProject;
			attributes = {
				BuildIndependentTargetsInParallel = 1;
				LastSwiftUpdateCheck = 1430;
				LastUpgradeCheck = 1430;
				TargetAttributes = {
					8B82370129F86FEF0018CDDF = {
						CreatedOnToolsVersion = 14.3;
					};
					8B82371129F86FF10018CDDF = {
						CreatedOnToolsVersion = 14.3;
						TestTargetID = 8B82370129F86FEF0018CDDF;
					};
					8B82371B29F86FF10018CDDF = {
						CreatedOnToolsVersion = 14.3;
						TestTargetID = 8B82370129F86FEF0018CDDF;
					};
				};
			};
			buildConfigurationList = 8B8236FD29F86FEF0018CDDF /* Build configuration list for PBXProject "howtouse" */;
			compatibilityVersion = "Xcode 14.0";
			developmentRegion = en;
			hasScannedForEncodings = 0;
			knownRegions = (
				en,
				Base,
			);
			mainGroup = 8B8236F929F86FEF0018CDDF;
			productRefGroup = 8B82370329F86FEF0018CDDF /* Products */;
			projectDirPath = "";
			projectRoot = "";
			targets = (
				8B82370129F86FEF0018CDDF /* howtouse */,
				8B82371129F86FF10018CDDF /* howtouseTests */,
				8B82371B29F86FF10018CDDF /* howtouseUITests */,
			);
		};
/* End PBXProject section */

/* Begin PBXResourcesBuildPhase section */
		8B82370029F86FEF0018CDDF /* Resources */ = {
			isa = PBXResourcesBuildPhase;
			buildActionMask = 2147483647;
			files = (
				8B82370D29F86FF00018CDDF /* Preview Assets.xcassets in Resources */,
				8B82370A29F86FF00018CDDF /* Assets.xcassets in Resources */,
			);
			runOnlyForDeploymentPostprocessing = 0;
		};
		8B82371029F86FF10018CDDF /* Resources */ = {
			isa = PBXResourcesBuildPhase;
			buildActionMask = 2147483647;
			files = (
			);
			runOnlyForDeploymentPostprocessing = 0;
		};
		8B82371A29F86FF10018CDDF /* Resources */ = {
			isa = PBXResourcesBuildPhase;
			buildActionMask = 2147483647;
			files = (
			);
			runOnlyForDeploymentPostprocessing = 0;
		};
/* End PBXResourcesBuildPhase section */

/* Begin PBXSourcesBuildPhase section */
		8B8236FE29F86FEF0018CDDF /* Sources */ = {
			isa = PBXSourcesBuildPhase;
			buildActionMask = 2147483647;
			files = (
				8B82373029F8782E0018CDDF /* ByeView.swift in Sources */,
				8B82370829F86FEF0018CDDF /* ContentView.swift in Sources */,
				8B82370629F86FEF0018CDDF /* howtouseApp.swift in Sources */,
			);
			runOnlyForDeploymentPostprocessing = 0;
		};
		8B82370E29F86FF10018CDDF /* Sources */ = {
			isa = PBXSourcesBuildPhase;
			buildActionMask = 2147483647;
			files = (
				8B82371729F86FF10018CDDF /* howtouseTests.swift in Sources */,
			);
			runOnlyForDeploymentPostprocessing = 0;
		};
		8B82371829F86FF10018CDDF /* Sources */ = {
			isa = PBXSourcesBuildPhase;
			buildActionMask = 2147483647;
			files = (
				8B82372329F86FF10018CDDF /* howtouseUITestsLaunchTests.swift in Sources */,
				8B82372129F86FF10018CDDF /* howtouseUITests.swift in Sources */,
			);
			runOnlyForDeploymentPostprocessing = 0;
		};
/* End PBXSourcesBuildPhase section */

/* Begin PBXTargetDependency section */
		8B82371429F86FF10018CDDF /* PBXTargetDependency */ = {
			isa = PBXTargetDependency;
			target = 8B82370129F86FEF0018CDDF /* howtouse */;
			targetProxy = 8B82371329F86FF10018CDDF /* PBXContainerItemProxy */;
		};
		8B82371E29F86FF10018CDDF /* PBXTargetDependency */ = {
			isa = PBXTargetDependency;
			target = 8B82370129F86FEF0018CDDF /* howtouse */;
			targetProxy = 8B82371D29F86FF10018CDDF /* PBXContainerItemProxy */;
		};
/* End PBXTargetDependency section */

/* Begin XCBuildConfiguration section */
		8B82372429F86FF10018CDDF /* Debug */ = {
			isa = XCBuildConfiguration;
			buildSettings = {
				ALWAYS_SEARCH_USER_PATHS = NO;
				CLANG_ANALYZER_NONNULL = YES;
				CLANG_ANALYZER_NUMBER_OBJECT_CONVERSION = YES_AGGRESSIVE;
				CLANG_CXX_LANGUAGE_STANDARD = "gnu++20";
				CLANG_ENABLE_MODULES = YES;
				CLANG_ENABLE_OBJC_ARC = YES;
				CLANG_ENABLE_OBJC_WEAK = YES;
				CLANG_WARN_BLOCK_CAPTURE_AUTORELEASING = YES;
				CLANG_WARN_BOOL_CONVERSION = YES;
				CLANG_WARN_COMMA = YES;
				CLANG_WARN_CONSTANT_CONVERSION = YES;
				CLANG_WARN_DEPRECATED_OBJC_IMPLEMENTATIONS = YES;
				CLANG_WARN_DIRECT_OBJC_ISA_USAGE = YES_ERROR;
				CLANG_WARN_DOCUMENTATION_COMMENTS = YES;
				CLANG_WARN_EMPTY_BODY = YES;
				CLANG_WARN_ENUM_CONVERSION = YES;
				CLANG_WARN_INFINITE_RECURSION = YES;
				CLANG_WARN_INT_CONVERSION = YES;
				CLANG_WARN_NON_LITERAL_NULL_CONVERSION = YES;
				CLANG_WARN_OBJC_IMPLICIT_RETAIN_SELF = YES;
				CLANG_WARN_OBJC_LITERAL_CONVERSION = YES;
				CLANG_WARN_OBJC_ROOT_CLASS = YES_ERROR;
				CLANG_WARN_QUOTED_INCLUDE_IN_FRAMEWORK_HEADER = YES;
				CLANG_WARN_RANGE_LOOP_ANALYSIS = YES;
				CLANG_WARN_STRICT_PROTOTYPES = YES;
				CLANG_WARN_SUSPICIOUS_MOVE = YES;
				CLANG_WARN_UNGUARDED_AVAILABILITY = YES_AGGRESSIVE;
				CLANG_WARN_UNREACHABLE_CODE = YES;
				CLANG_WARN__DUPLICATE_METHOD_MATCH = YES;
				COPY_PHASE_STRIP = NO;
				DEBUG_INFORMATION_FORMAT = dwarf;
				ENABLE_STRICT_OBJC_MSGSEND = YES;
				ENABLE_TESTABILITY = YES;
				GCC_C_LANGUAGE_STANDARD = gnu11;
				GCC_DYNAMIC_NO_PIC = NO;
				GCC_NO_COMMON_BLOCKS = YES;
				GCC_OPTIMIZATION_LEVEL = 0;
				GCC_PREPROCESSOR_DEFINITIONS = (
					"DEBUG=1",
					"$(inherited)",
				);
				GCC_WARN_64_TO_32_BIT_CONVERSION = YES;
				GCC_WARN_ABOUT_RETURN_TYPE = YES_ERROR;
				GCC_WARN_UNDECLARED_SELECTOR = YES;
				GCC_WARN_UNINITIALIZED_AUTOS = YES_AGGRESSIVE;
				GCC_WARN_UNUSED_FUNCTION = YES;
				GCC_WARN_UNUSED_VARIABLE = YES;
				IPHONEOS_DEPLOYMENT_TARGET = 16.4;
				MTL_ENABLE_DEBUG_INFO = INCLUDE_SOURCE;
				MTL_FAST_MATH = YES;
				ONLY_ACTIVE_ARCH = YES;
				SDKROOT = iphoneos;
				SWIFT_ACTIVE_COMPILATION_CONDITIONS = DEBUG;
				SWIFT_OPTIMIZATION_LEVEL = "-Onone";
			};
			name = Debug;
		};
		8B82372529F86FF10018CDDF /* Release */ = {
			isa = XCBuildConfiguration;
			buildSettings = {
				ALWAYS_SEARCH_USER_PATHS = NO;
				CLANG_ANALYZER_NONNULL = YES;
				CLANG_ANALYZER_NUMBER_OBJECT_CONVERSION = YES_AGGRESSIVE;
				CLANG_CXX_LANGUAGE_STANDARD = "gnu++20";
				CLANG_ENABLE_MODULES = YES;
				CLANG_ENABLE_OBJC_ARC = YES;
				CLANG_ENABLE_OBJC_WEAK = YES;
				CLANG_WARN_BLOCK_CAPTURE_AUTORELEASING = YES;
				CLANG_WARN_BOOL_CONVERSION = YES;
				CLANG_WARN_COMMA = YES;
				CLANG_WARN_CONSTANT_CONVERSION = YES;
				CLANG_WARN_DEPRECATED_OBJC_IMPLEMENTATIONS = YES;
				CLANG_WARN_DIRECT_OBJC_ISA_USAGE = YES_ERROR;
				CLANG_WARN_DOCUMENTATION_COMMENTS = YES;
				CLANG_WARN_EMPTY_BODY = YES;
				CLANG_WARN_ENUM_CONVERSION = YES;
				CLANG_WARN_INFINITE_RECURSION = YES;
				CLANG_WARN_INT_CONVERSION = YES;
				CLANG_WARN_NON_LITERAL_NULL_CONVERSION = YES;
				CLANG_WARN_OBJC_IMPLICIT_RETAIN_SELF = YES;
				CLANG_WARN_OBJC_LITERAL_CONVERSION = YES;
				CLANG_WARN_OBJC_ROOT_CLASS = YES_ERROR;
				CLANG_WARN_QUOTED_INCLUDE_IN_FRAMEWORK_HEADER = YES;
				CLANG_WARN_RANGE_LOOP_ANALYSIS = YES;
				CLANG_WARN_STRICT_PROTOTYPES = YES;
				CLANG_WARN_SUSPICIOUS_MOVE = YES;
				CLANG_WARN_UNGUARDED_AVAILABILITY = YES_AGGRESSIVE;
				CLANG_WARN_UNREACHABLE_CODE = YES;
				CLANG_WARN__DUPLICATE_METHOD_MATCH = YES;
				COPY_PHASE_STRIP = NO;
				DEBUG_INFORMATION_FORMAT = "dwarf-with-dsym";
				ENABLE_NS_ASSERTIONS = NO;
				ENABLE_STRICT_OBJC_MSGSEND = YES;
				GCC_C_LANGUAGE_STANDARD = gnu11;
				GCC_NO_COMMON_BLOCKS = YES;
				GCC_WARN_64_TO_32_BIT_CONVERSION = YES;
				GCC_WARN_ABOUT_RETURN_TYPE = YES_ERROR;
				GCC_WARN_UNDECLARED_SELECTOR = YES;
				GCC_WARN_UNINITIALIZED_AUTOS = YES_AGGRESSIVE;
				GCC_WARN_UNUSED_FUNCTION = YES;
				GCC_WARN_UNUSED_VARIABLE = YES;
				IPHONEOS_DEPLOYMENT_TARGET = 16.4;
				MTL_ENABLE_DEBUG_INFO = NO;
				MTL_FAST_MATH = YES;
				SDKROOT = iphoneos;
				SWIFT_COMPILATION_MODE = wholemodule;
				SWIFT_OPTIMIZATION_LEVEL = "-O";
				VALIDATE_PRODUCT = YES;
			};
			name = Release;
		};
		8B82372729F86FF10018CDDF /* Debug */ = {
			isa = XCBuildConfiguration;
			buildSettings = {
				ASSETCATALOG_COMPILER_APPICON_NAME = AppIcon;
				ASSETCATALOG_COMPILER_GLOBAL_ACCENT_COLOR_NAME = AccentColor;
				CODE_SIGN_STYLE = Automatic;
				CURRENT_PROJECT_VERSION = 1;
				DEVELOPMENT_ASSET_PATHS = "\"howtouse/Preview Content\"";
				DEVELOPMENT_TEAM = 4J34TJWAUB;
				ENABLE_PREVIEWS = YES;
				GENERATE_INFOPLIST_FILE = YES;
				INFOPLIST_KEY_UIApplicationSceneManifest_Generation = YES;
				INFOPLIST_KEY_UIApplicationSupportsIndirectInputEvents = YES;
				INFOPLIST_KEY_UILaunchScreen_Generation = YES;
				INFOPLIST_KEY_UISupportedInterfaceOrientations_iPad = "UIInterfaceOrientationPortrait UIInterfaceOrientationPortraitUpsideDown UIInterfaceOrientationLandscapeLeft UIInterfaceOrientationLandscapeRight";
				INFOPLIST_KEY_UISupportedInterfaceOrientations_iPhone = "UIInterfaceOrientationPortrait UIInterfaceOrientationLandscapeLeft UIInterfaceOrientationLandscapeRight";
				LD_RUNPATH_SEARCH_PATHS = (
					"$(inherited)",
					"@executable_path/Frameworks",
				);
				MARKETING_VERSION = 1.0;
				PRODUCT_BUNDLE_IDENTIFIER = site2u.howtouse;
				PRODUCT_NAME = "$(TARGET_NAME)";
				SWIFT_EMIT_LOC_STRINGS = YES;
				SWIFT_VERSION = 5.0;
				TARGETED_DEVICE_FAMILY = "1,2";
			};
			name = Debug;
		};
		8B82372829F86FF10018CDDF /* Release */ = {
			isa = XCBuildConfiguration;
			buildSettings = {
				ASSETCATALOG_COMPILER_APPICON_NAME = AppIcon;
				ASSETCATALOG_COMPILER_GLOBAL_ACCENT_COLOR_NAME = AccentColor;
				CODE_SIGN_STYLE = Automatic;
				CURRENT_PROJECT_VERSION = 1;
				DEVELOPMENT_ASSET_PATHS = "\"howtouse/Preview Content\"";
				DEVELOPMENT_TEAM = 4J34TJWAUB;
				ENABLE_PREVIEWS = YES;
				GENERATE_INFOPLIST_FILE = YES;
				INFOPLIST_KEY_UIApplicationSceneManifest_Generation = YES;
				INFOPLIST_KEY_UIApplicationSupportsIndirectInputEvents = YES;
				INFOPLIST_KEY_UILaunchScreen_Generation = YES;
				INFOPLIST_KEY_UISupportedInterfaceOrientations_iPad = "UIInterfaceOrientationPortrait UIInterfaceOrientationPortraitUpsideDown UIInterfaceOrientationLandscapeLeft UIInterfaceOrientationLandscapeRight";
				INFOPLIST_KEY_UISupportedInterfaceOrientations_iPhone = "UIInterfaceOrientationPortrait UIInterfaceOrientationLandscapeLeft UIInterfaceOrientationLandscapeRight";
				LD_RUNPATH_SEARCH_PATHS = (
					"$(inherited)",
					"@executable_path/Frameworks",
				);
				MARKETING_VERSION = 1.0;
				PRODUCT_BUNDLE_IDENTIFIER = site2u.howtouse;
				PRODUCT_NAME = "$(TARGET_NAME)";
				SWIFT_EMIT_LOC_STRINGS = YES;
				SWIFT_VERSION = 5.0;
				TARGETED_DEVICE_FAMILY = "1,2";
			};
			name = Release;
		};
		8B82372A29F86FF10018CDDF /* Debug */ = {
			isa = XCBuildConfiguration;
			buildSettings = {
				ALWAYS_EMBED_SWIFT_STANDARD_LIBRARIES = YES;
				BUNDLE_LOADER = "$(TEST_HOST)";
				CODE_SIGN_STYLE = Automatic;
				CURRENT_PROJECT_VERSION = 1;
				DEVELOPMENT_TEAM = 4J34TJWAUB;
				GENERATE_INFOPLIST_FILE = YES;
				IPHONEOS_DEPLOYMENT_TARGET = 16.4;
				MARKETING_VERSION = 1.0;
				PRODUCT_BUNDLE_IDENTIFIER = site2u.howtouseTests;
				PRODUCT_NAME = "$(TARGET_NAME)";
				SWIFT_EMIT_LOC_STRINGS = NO;
				SWIFT_VERSION = 5.0;
				TARGETED_DEVICE_FAMILY = "1,2";
				TEST_HOST = "$(BUILT_PRODUCTS_DIR)/howtouse.app/$(BUNDLE_EXECUTABLE_FOLDER_PATH)/howtouse";
			};
			name = Debug;
		};
		8B82372B29F86FF10018CDDF /* Release */ = {
			isa = XCBuildConfiguration;
			buildSettings = {
				ALWAYS_EMBED_SWIFT_STANDARD_LIBRARIES = YES;
				BUNDLE_LOADER = "$(TEST_HOST)";
				CODE_SIGN_STYLE = Automatic;
				CURRENT_PROJECT_VERSION = 1;
				DEVELOPMENT_TEAM = 4J34TJWAUB;
				GENERATE_INFOPLIST_FILE = YES;
				IPHONEOS_DEPLOYMENT_TARGET = 16.4;
				MARKETING_VERSION = 1.0;
				PRODUCT_BUNDLE_IDENTIFIER = site2u.howtouseTests;
				PRODUCT_NAME = "$(TARGET_NAME)";
				SWIFT_EMIT_LOC_STRINGS = NO;
				SWIFT_VERSION = 5.0;
				TARGETED_DEVICE_FAMILY = "1,2";
				TEST_HOST = "$(BUILT_PRODUCTS_DIR)/howtouse.app/$(BUNDLE_EXECUTABLE_FOLDER_PATH)/howtouse";
			};
			name = Release;
		};
		8B82372D29F86FF10018CDDF /* Debug */ = {
			isa = XCBuildConfiguration;
			buildSettings = {
				ALWAYS_EMBED_SWIFT_STANDARD_LIBRARIES = YES;
				CODE_SIGN_STYLE = Automatic;
				CURRENT_PROJECT_VERSION = 1;
				DEVELOPMENT_TEAM = 4J34TJWAUB;
				GENERATE_INFOPLIST_FILE = YES;
				MARKETING_VERSION = 1.0;
				PRODUCT_BUNDLE_IDENTIFIER = site2u.howtouseUITests;
				PRODUCT_NAME = "$(TARGET_NAME)";
				SWIFT_EMIT_LOC_STRINGS = NO;
				SWIFT_VERSION = 5.0;
				TARGETED_DEVICE_FAMILY = "1,2";
				TEST_TARGET_NAME = howtouse;
			};
			name = Debug;
		};
		8B82372E29F86FF10018CDDF /* Release */ = {
			isa = XCBuildConfiguration;
			buildSettings = {
				ALWAYS_EMBED_SWIFT_STANDARD_LIBRARIES = YES;
				CODE_SIGN_STYLE = Automatic;
				CURRENT_PROJECT_VERSION = 1;
				DEVELOPMENT_TEAM = 4J34TJWAUB;
				GENERATE_INFOPLIST_FILE = YES;
				MARKETING_VERSION = 1.0;
				PRODUCT_BUNDLE_IDENTIFIER = site2u.howtouseUITests;
				PRODUCT_NAME = "$(TARGET_NAME)";
				SWIFT_EMIT_LOC_STRINGS = NO;
				SWIFT_VERSION = 5.0;
				TARGETED_DEVICE_FAMILY = "1,2";
				TEST_TARGET_NAME = howtouse;
			};
			name = Release;
		};
/* End XCBuildConfiguration section */

/* Begin XCConfigurationList section */
		8B8236FD29F86FEF0018CDDF /* Build configuration list for PBXProject "howtouse" */ = {
			isa = XCConfigurationList;
			buildConfigurations = (
				8B82372429F86FF10018CDDF /* Debug */,
				8B82372529F86FF10018CDDF /* Release */,
			);
			defaultConfigurationIsVisible = 0;
			defaultConfigurationName = Release;
		};
		8B82372629F86FF10018CDDF /* Build configuration list for PBXNativeTarget "howtouse" */ = {
			isa = XCConfigurationList;
			buildConfigurations = (
				8B82372729F86FF10018CDDF /* Debug */,
				8B82372829F86FF10018CDDF /* Release */,
			);
			defaultConfigurationIsVisible = 0;
			defaultConfigurationName = Release;
		};
		8B82372929F86FF10018CDDF /* Build configuration list for PBXNativeTarget "howtouseTests" */ = {
			isa = XCConfigurationList;
			buildConfigurations = (
				8B82372A29F86FF10018CDDF /* Debug */,
				8B82372B29F86FF10018CDDF /* Release */,
			);
			defaultConfigurationIsVisible = 0;
			defaultConfigurationName = Release;
		};
		8B82372C29F86FF10018CDDF /* Build configuration list for PBXNativeTarget "howtouseUITests" */ = {
			isa = XCConfigurationList;
			buildConfigurations = (
				8B82372D29F86FF10018CDDF /* Debug */,
				8B82372E29F86FF10018CDDF /* Release */,
			);
			defaultConfigurationIsVisible = 0;
			defaultConfigurationName = Release;
		};
/* End XCConfigurationList section */
	};
	rootObject = 8B8236FA29F86FEF0018CDDF /* Project object */;
}
